
Microsoft Visual Studio Solution File, Format Version 12.00
# Visual Studio 15
VisualStudioVersion = 15.0.26403.7
MinimumVisualStudioVersion = 10.0.40219.1
Project("{FAE04EC0-301F-11D3-BF4B-00C04F79EFBC}") = "UrlsAndRoutes", "UrlsAndRoutes\UrlsAndRoutes.csproj", "{0371795F-D691-424B-AE4D-27E3F8DD9E4C}"
EndProject
Project("{FAE04EC0-301F-11D3-BF4B-00C04F79EFBC}") = "UrlsAndRoutes.Tests", "UrlsAndRoutes.Tests\UrlsAndRoutes.Tests.csproj", "{AFFE3AD4-E826-473B-BD06-C2BB26FD9F1E}"
EndProject
Global
	GlobalSection(SolutionConfigurationPlatforms) = preSolution
		Debug|Any CPU = Debug|Any CPU
		Release|Any CPU = Release|Any CPU
	EndGlobalSection
	GlobalSection(ProjectConfigurationPlatforms) = postSolution
		{0371795F-D691-424B-AE4D-27E3F8DD9E4C}.Debug|Any CPU.ActiveCfg = Debug|Any CPU
		{0371795F-D691-424B-AE4D-27E3F8DD9E4C}.Debug|Any CPU.Build.0 = Debug|Any CPU
		{0371795F-D691-424B-AE4D-27E3F8DD9E4C}.Release|Any CPU.ActiveCfg = Release|Any CPU
		{0371795F-D691-424B-AE4D-27E3F8DD9E4C}.Release|Any CPU.Build.0 = Release|Any CPU
		{AFFE3AD4-E826-473B-BD06-C2BB26FD9F1E}.Debug|Any CPU.ActiveCfg = Debug|Any CPU
		{AFFE3AD4-E826-473B-BD06-C2BB26FD9F1E}.Debug|Any CPU.Build.0 = Debug|Any CPU
		{AFFE3AD4-E826-473B-BD06-C2BB26FD9F1E}.Release|Any CPU.ActiveCfg = Release|Any CPU
		{AFFE3AD4-E826-473B-BD06-C2BB26FD9F1E}.Release|Any CPU.Build.0 = Release|Any CPU
	EndGlobalSection
	GlobalSection(SolutionProperties) = preSolution
		HideSolutionNode = FALSE
	EndGlobalSection
EndGlobal
